
Microsoft Visual Studio Solution File, Format Version 12.00
# Visual Studio Version 16
VisualStudioVersion = 16.0.30002.166
MinimumVisualStudioVersion = 10.0.40219.1
Project("{8BC9CEB8-8B4A-11D0-8D11-00A0C91BC942}") = "1_3", "1_3\1_3.vcxproj", "{C162195E-03A6-43E3-BCCF-A0427FDB9C18}"
EndProject
Project("{8BC9CEB8-8B4A-11D0-8D11-00A0C91BC942}") = "1_1", "1_1\1_1.vcxproj", "{C7EE531A-5FD1-4CEF-9997-136FBBE5306B}"
EndProject
Project("{8BC9CEB8-8B4A-11D0-8D11-00A0C91BC942}") = "1_2", "1_2\1_2.vcxproj", "{BB3FD262-7B13-45A3-9E36-9A81C3D12296}"
EndProject
Project("{8BC9CEB8-8B4A-11D0-8D11-00A0C91BC942}") = "2_1", "2_1\2_1.vcxproj", "{3C6836AB-AFF1-46DC-816A-E8036162EA7D}"
EndProject
Project("{8BC9CEB8-8B4A-11D0-8D11-00A0C91BC942}") = "2_2", "2_2\2_2.vcxproj", "{332CC278-996E-486E-B0C1-26FE135F2EA2}"
EndProject
Project("{8BC9CEB8-8B4A-11D0-8D11-00A0C91BC942}") = "2_3", "2_3\2_3.vcxproj", "{676DAF6F-3A6B-43E5-A834-8D75D463A246}"
EndProject
Project("{8BC9CEB8-8B4A-11D0-8D11-00A0C91BC942}") = "3_1", "3_1\3_1.vcxproj", "{69683413-CF97-4E05-9EBB-7C704B3E3425}"
EndProject
Project("{8BC9CEB8-8B4A-11D0-8D11-00A0C91BC942}") = "3_2", "3_2\3_2.vcxproj", "{AA3FB173-EEF3-46BA-B150-88087A1462FE}"
EndProject
Project("{8BC9CEB8-8B4A-11D0-8D11-00A0C91BC942}") = "3_3", "3_3\3_3.vcxproj", "{0A61D59C-D77E-4DAA-9266-4301D2D3908A}"
EndProject
Project("{8BC9CEB8-8B4A-11D0-8D11-00A0C91BC942}") = "4_1", "4_1\4_1.vcxproj", "{E0EE0213-E793-4E8A-ACB7-EAA7FA2E7581}"
EndProject
Project("{8BC9CEB8-8B4A-11D0-8D11-00A0C91BC942}") = "4_2", "4_2\4_2.vcxproj", "{FBDC7C13-D75F-4514-BE36-79B4A0CD64D5}"
EndProject
Project("{8BC9CEB8-8B4A-11D0-8D11-00A0C91BC942}") = "4_3", "4_3\4_3.vcxproj", "{65C44E77-B38D-4CA1-ABDE-D607295407E5}"
EndProject
Project("{8BC9CEB8-8B4A-11D0-8D11-00A0C91BC942}") = "5_1", "5_1\5_1.vcxproj", "{AB545ED1-E12A-4957-9338-85456B86C8D0}"
EndProject
Project("{8BC9CEB8-8B4A-11D0-8D11-00A0C91BC942}") = "5_2", "5_2\5_2.vcxproj", "{799BCD07-E680-43F3-B037-E0BAC69AF392}"
EndProject
Project("{8BC9CEB8-8B4A-11D0-8D11-00A0C91BC942}") = "5_3", "5_3\5_3.vcxproj", "{A4085F78-D57C-4F97-9CCC-716076A342DC}"
EndProject
Project("{8BC9CEB8-8B4A-11D0-8D11-00A0C91BC942}") = "6_1", "6_1\6_1.vcxproj", "{9610AFBA-45F2-4FD3-8C0F-0F35BF1330FB}"
EndProject
Project("{8BC9CEB8-8B4A-11D0-8D11-00A0C91BC942}") = "6_2", "6_2\6_2.vcxproj", "{97B03DBE-236C-49CA-A0C0-151BDE2211AE}"
EndProject
Project("{8BC9CEB8-8B4A-11D0-8D11-00A0C91BC942}") = "6_3", "6_3\6_3.vcxproj", "{A59C6CE5-5A25-4CF0-A1FC-DBCFBE39B79E}"
EndProject
Project("{8BC9CEB8-8B4A-11D0-8D11-00A0C91BC942}") = "7_1", "7_1\7_1.vcxproj", "{6D688886-A90B-4A3D-997F-150711D842F5}"
EndProject
Project("{8BC9CEB8-8B4A-11D0-8D11-00A0C91BC942}") = "8_1", "8_1\8_1.vcxproj", "{162FC450-C566-4736-9301-29C95AC025C0}"
EndProject
Project("{8BC9CEB8-8B4A-11D0-8D11-00A0C91BC942}") = "8_2", "8_2\8_2.vcxproj", "{A11852ED-F6C4-41EC-ABE6-1A3194853E25}"
EndProject
Project("{8BC9CEB8-8B4A-11D0-8D11-00A0C91BC942}") = "8_3", "8_3\8_3.vcxproj", "{892B68C3-70AF-47AE-AEF9-20B77E77FB65}"
EndProject
Project("{8BC9CEB8-8B4A-11D0-8D11-00A0C91BC942}") = "BBBBB", "BBBBB\BBBBB.vcxproj", "{F9B41C5B-D8E2-4DF9-A9A5-0FDC07D1047A}"
EndProject
Project("{8BC9CEB8-8B4A-11D0-8D11-00A0C91BC942}") = "7_2", "7_2\7_2.vcxproj", "{A382BF2F-1199-42F6-A51A-1EE8052D0ED4}"
EndProject
Project("{8BC9CEB8-8B4A-11D0-8D11-00A0C91BC942}") = "7_3", "7_3\7_3.vcxproj", "{BF7423B9-51E1-4825-BAB2-89B5866574CF}"
EndProject
Global
	GlobalSection(SolutionConfigurationPlatforms) = preSolution
		Debug|x64 = Debug|x64
		Debug|x86 = Debug|x86
		Release|x64 = Release|x64
		Release|x86 = Release|x86
	EndGlobalSection
	GlobalSection(ProjectConfigurationPlatforms) = postSolution
		{C162195E-03A6-43E3-BCCF-A0427FDB9C18}.Debug|x64.ActiveCfg = Debug|x64
		{C162195E-03A6-43E3-BCCF-A0427FDB9C18}.Debug|x64.Build.0 = Debug|x64
		{C162195E-03A6-43E3-BCCF-A0427FDB9C18}.Debug|x86.ActiveCfg = Debug|Win32
		{C162195E-03A6-43E3-BCCF-A0427FDB9C18}.Debug|x86.Build.0 = Debug|Win32
		{C162195E-03A6-43E3-BCCF-A0427FDB9C18}.Release|x64.ActiveCfg = Release|x64
		{C162195E-03A6-43E3-BCCF-A0427FDB9C18}.Release|x64.Build.0 = Release|x64
		{C162195E-03A6-43E3-BCCF-A0427FDB9C18}.Release|x86.ActiveCfg = Release|Win32
		{C162195E-03A6-43E3-BCCF-A0427FDB9C18}.Release|x86.Build.0 = Release|Win32
		{C7EE531A-5FD1-4CEF-9997-136FBBE5306B}.Debug|x64.ActiveCfg = Debug|x64
		{C7EE531A-5FD1-4CEF-9997-136FBBE5306B}.Debug|x64.Build.0 = Debug|x64
		{C7EE531A-5FD1-4CEF-9997-136FBBE5306B}.Debug|x86.ActiveCfg = Debug|Win32
		{C7EE531A-5FD1-4CEF-9997-136FBBE5306B}.Debug|x86.Build.0 = Debug|Win32
		{C7EE531A-5FD1-4CEF-9997-136FBBE5306B}.Release|x64.ActiveCfg = Release|x64
		{C7EE531A-5FD1-4CEF-9997-136FBBE5306B}.Release|x64.Build.0 = Release|x64
		{C7EE531A-5FD1-4CEF-9997-136FBBE5306B}.Release|x86.ActiveCfg = Release|Win32
		{C7EE531A-5FD1-4CEF-9997-136FBBE5306B}.Release|x86.Build.0 = Release|Win32
		{BB3FD262-7B13-45A3-9E36-9A81C3D12296}.Debug|x64.ActiveCfg = Debug|x64
		{BB3FD262-7B13-45A3-9E36-9A81C3D12296}.Debug|x64.Build.0 = Debug|x64
		{BB3FD262-7B13-45A3-9E36-9A81C3D12296}.Debug|x86.ActiveCfg = Debug|Win32
		{BB3FD262-7B13-45A3-9E36-9A81C3D12296}.Debug|x86.Build.0 = Debug|Win32
		{BB3FD262-7B13-45A3-9E36-9A81C3D12296}.Release|x64.ActiveCfg = Release|x64
		{BB3FD262-7B13-45A3-9E36-9A81C3D12296}.Release|x64.Build.0 = Release|x64
		{BB3FD262-7B13-45A3-9E36-9A81C3D12296}.Release|x86.ActiveCfg = Release|Win32
		{BB3FD262-7B13-45A3-9E36-9A81C3D12296}.Release|x86.Build.0 = Release|Win32
		{3C6836AB-AFF1-46DC-816A-E8036162EA7D}.Debug|x64.ActiveCfg = Debug|x64
		{3C6836AB-AFF1-46DC-816A-E8036162EA7D}.Debug|x64.Build.0 = Debug|x64
		{3C6836AB-AFF1-46DC-816A-E8036162EA7D}.Debug|x86.ActiveCfg = Debug|Win32
		{3C6836AB-AFF1-46DC-816A-E8036162EA7D}.Debug|x86.Build.0 = Debug|Win32
		{3C6836AB-AFF1-46DC-816A-E8036162EA7D}.Release|x64.ActiveCfg = Release|x64
		{3C6836AB-AFF1-46DC-816A-E8036162EA7D}.Release|x64.Build.0 = Release|x64
		{3C6836AB-AFF1-46DC-816A-E8036162EA7D}.Release|x86.ActiveCfg = Release|Win32
		{3C6836AB-AFF1-46DC-816A-E8036162EA7D}.Release|x86.Build.0 = Release|Win32
		{332CC278-996E-486E-B0C1-26FE135F2EA2}.Debug|x64.ActiveCfg = Debug|x64
		{332CC278-996E-486E-B0C1-26FE135F2EA2}.Debug|x64.Build.0 = Debug|x64
		{332CC278-996E-486E-B0C1-26FE135F2EA2}.Debug|x86.ActiveCfg = Debug|Win32
		{332CC278-996E-486E-B0C1-26FE135F2EA2}.Debug|x86.Build.0 = Debug|Win32
		{332CC278-996E-486E-B0C1-26FE135F2EA2}.Release|x64.ActiveCfg = Release|x64
		{332CC278-996E-486E-B0C1-26FE135F2EA2}.Release|x64.Build.0 = Release|x64
		{332CC278-996E-486E-B0C1-26FE135F2EA2}.Release|x86.ActiveCfg = Release|Win32
		{332CC278-996E-486E-B0C1-26FE135F2EA2}.Release|x86.Build.0 = Release|Win32
		{676DAF6F-3A6B-43E5-A834-8D75D463A246}.Debug|x64.ActiveCfg = Debug|x64
		{676DAF6F-3A6B-43E5-A834-8D75D463A246}.Debug|x64.Build.0 = Debug|x64
		{676DAF6F-3A6B-43E5-A834-8D75D463A246}.Debug|x86.ActiveCfg = Debug|Win32
		{676DAF6F-3A6B-43E5-A834-8D75D463A246}.Debug|x86.Build.0 = Debug|Win32
		{676DAF6F-3A6B-43E5-A834-8D75D463A246}.Release|x64.ActiveCfg = Release|x64
		{676DAF6F-3A6B-43E5-A834-8D75D463A246}.Release|x64.Build.0 = Release|x64
		{676DAF6F-3A6B-43E5-A834-8D75D463A246}.Release|x86.ActiveCfg = Release|Win32
		{676DAF6F-3A6B-43E5-A834-8D75D463A246}.Release|x86.Build.0 = Release|Win32
		{69683413-CF97-4E05-9EBB-7C704B3E3425}.Debug|x64.ActiveCfg = Debug|x64
		{69683413-CF97-4E05-9EBB-7C704B3E3425}.Debug|x64.Build.0 = Debug|x64
		{69683413-CF97-4E05-9EBB-7C704B3E3425}.Debug|x86.ActiveCfg = Debug|Win32
		{69683413-CF97-4E05-9EBB-7C704B3E3425}.Debug|x86.Build.0 = Debug|Win32
		{69683413-CF97-4E05-9EBB-7C704B3E3425}.Release|x64.ActiveCfg = Release|x64
		{69683413-CF97-4E05-9EBB-7C704B3E3425}.Release|x64.Build.0 = Release|x64
		{69683413-CF97-4E05-9EBB-7C704B3E3425}.Release|x86.ActiveCfg = Release|Win32
		{69683413-CF97-4E05-9EBB-7C704B3E3425}.Release|x86.Build.0 = Release|Win32
		{AA3FB173-EEF3-46BA-B150-88087A1462FE}.Debug|x64.ActiveCfg = Debug|x64
		{AA3FB173-EEF3-46BA-B150-88087A1462FE}.Debug|x64.Build.0 = Debug|x64
		{AA3FB173-EEF3-46BA-B150-88087A1462FE}.Debug|x86.ActiveCfg = Debug|Win32
		{AA3FB173-EEF3-46BA-B150-88087A1462FE}.Debug|x86.Build.0 = Debug|Win32
		{AA3FB173-EEF3-46BA-B150-88087A1462FE}.Release|x64.ActiveCfg = Release|x64
		{AA3FB173-EEF3-46BA-B150-88087A1462FE}.Release|x64.Build.0 = Release|x64
		{AA3FB173-EEF3-46BA-B150-88087A1462FE}.Release|x86.ActiveCfg = Release|Win32
		{AA3FB173-EEF3-46BA-B150-88087A1462FE}.Release|x86.Build.0 = Release|Win32
		{0A61D59C-D77E-4DAA-9266-4301D2D3908A}.Debug|x64.ActiveCfg = Debug|x64
		{0A61D59C-D77E-4DAA-9266-4301D2D3908A}.Debug|x64.Build.0 = Debug|x64
		{0A61D59C-D77E-4DAA-9266-4301D2D3908A}.Debug|x86.ActiveCfg = Debug|Win32
		{0A61D59C-D77E-4DAA-9266-4301D2D3908A}.Debug|x86.Build.0 = Debug|Win32
		{0A61D59C-D77E-4DAA-9266-4301D2D3908A}.Release|x64.ActiveCfg = Release|x64
		{0A61D59C-D77E-4DAA-9266-4301D2D3908A}.Release|x64.Build.0 = Release|x64
		{0A61D59C-D77E-4DAA-9266-4301D2D3908A}.Release|x86.ActiveCfg = Release|Win32
		{0A61D59C-D77E-4DAA-9266-4301D2D3908A}.Release|x86.Build.0 = Release|Win32
		{E0EE0213-E793-4E8A-ACB7-EAA7FA2E7581}.Debug|x64.ActiveCfg = Debug|x64
		{E0EE0213-E793-4E8A-ACB7-EAA7FA2E7581}.Debug|x64.Build.0 = Debug|x64
		{E0EE0213-E793-4E8A-ACB7-EAA7FA2E7581}.Debug|x86.ActiveCfg = Debug|Win32
		{E0EE0213-E793-4E8A-ACB7-EAA7FA2E7581}.Debug|x86.Build.0 = Debug|Win32
		{E0EE0213-E793-4E8A-ACB7-EAA7FA2E7581}.Release|x64.ActiveCfg = Release|x64
		{E0EE0213-E793-4E8A-ACB7-EAA7FA2E7581}.Release|x64.Build.0 = Release|x64
		{E0EE0213-E793-4E8A-ACB7-EAA7FA2E7581}.Release|x86.ActiveCfg = Release|Win32
		{E0EE0213-E793-4E8A-ACB7-EAA7FA2E7581}.Release|x86.Build.0 = Release|Win32
		{FBDC7C13-D75F-4514-BE36-79B4A0CD64D5}.Debug|x64.ActiveCfg = Debug|x64
		{FBDC7C13-D75F-4514-BE36-79B4A0CD64D5}.Debug|x64.Build.0 = Debug|x64
		{FBDC7C13-D75F-4514-BE36-79B4A0CD64D5}.Debug|x86.ActiveCfg = Debug|Win32
		{FBDC7C13-D75F-4514-BE36-79B4A0CD64D5}.Debug|x86.Build.0 = Debug|Win32
		{FBDC7C13-D75F-4514-BE36-79B4A0CD64D5}.Release|x64.ActiveCfg = Release|x64
		{FBDC7C13-D75F-4514-BE36-79B4A0CD64D5}.Release|x64.Build.0 = Release|x64
		{FBDC7C13-D75F-4514-BE36-79B4A0CD64D5}.Release|x86.ActiveCfg = Release|Win32
		{FBDC7C13-D75F-4514-BE36-79B4A0CD64D5}.Release|x86.Build.0 = Release|Win32
		{65C44E77-B38D-4CA1-ABDE-D607295407E5}.Debug|x64.ActiveCfg = Debug|x64
		{65C44E77-B38D-4CA1-ABDE-D607295407E5}.Debug|x64.Build.0 = Debug|x64
		{65C44E77-B38D-4CA1-ABDE-D607295407E5}.Debug|x86.ActiveCfg = Debug|Win32
		{65C44E77-B38D-4CA1-ABDE-D607295407E5}.Debug|x86.Build.0 = Debug|Win32
		{65C44E77-B38D-4CA1-ABDE-D607295407E5}.Release|x64.ActiveCfg = Release|x64
		{65C44E77-B38D-4CA1-ABDE-D607295407E5}.Release|x64.Build.0 = Release|x64
		{65C44E77-B38D-4CA1-ABDE-D607295407E5}.Release|x86.ActiveCfg = Release|Win32
		{65C44E77-B38D-4CA1-ABDE-D607295407E5}.Release|x86.Build.0 = Release|Win32
		{AB545ED1-E12A-4957-9338-85456B86C8D0}.Debug|x64.ActiveCfg = Debug|x64
		{AB545ED1-E12A-4957-9338-85456B86C8D0}.Debug|x64.Build.0 = Debug|x64
		{AB545ED1-E12A-4957-9338-85456B86C8D0}.Debug|x86.ActiveCfg = Debug|Win32
		{AB545ED1-E12A-4957-9338-85456B86C8D0}.Debug|x86.Build.0 = Debug|Win32
		{AB545ED1-E12A-4957-9338-85456B86C8D0}.Release|x64.ActiveCfg = Release|x64
		{AB545ED1-E12A-4957-9338-85456B86C8D0}.Release|x64.Build.0 = Release|x64
		{AB545ED1-E12A-4957-9338-85456B86C8D0}.Release|x86.ActiveCfg = Release|Win32
		{AB545ED1-E12A-4957-9338-85456B86C8D0}.Release|x86.Build.0 = Release|Win32
		{799BCD07-E680-43F3-B037-E0BAC69AF392}.Debug|x64.ActiveCfg = Debug|x64
		{799BCD07-E680-43F3-B037-E0BAC69AF392}.Debug|x64.Build.0 = Debug|x64
		{799BCD07-E680-43F3-B037-E0BAC69AF392}.Debug|x86.ActiveCfg = Debug|Win32
		{799BCD07-E680-43F3-B037-E0BAC69AF392}.Debug|x86.Build.0 = Debug|Win32
		{799BCD07-E680-43F3-B037-E0BAC69AF392}.Release|x64.ActiveCfg = Release|x64
		{799BCD07-E680-43F3-B037-E0BAC69AF392}.Release|x64.Build.0 = Release|x64
		{799BCD07-E680-43F3-B037-E0BAC69AF392}.Release|x86.ActiveCfg = Release|Win32
		{799BCD07-E680-43F3-B037-E0BAC69AF392}.Release|x86.Build.0 = Release|Win32
		{A4085F78-D57C-4F97-9CCC-716076A342DC}.Debug|x64.ActiveCfg = Debug|x64
		{A4085F78-D57C-4F97-9CCC-716076A342DC}.Debug|x64.Build.0 = Debug|x64
		{A4085F78-D57C-4F97-9CCC-716076A342DC}.Debug|x86.ActiveCfg = Debug|Win32
		{A4085F78-D57C-4F97-9CCC-716076A342DC}.Debug|x86.Build.0 = Debug|Win32
		{A4085F78-D57C-4F97-9CCC-716076A342DC}.Release|x64.ActiveCfg = Release|x64
		{A4085F78-D57C-4F97-9CCC-716076A342DC}.Release|x64.Build.0 = Release|x64
		{A4085F78-D57C-4F97-9CCC-716076A342DC}.Release|x86.ActiveCfg = Release|Win32
		{A4085F78-D57C-4F97-9CCC-716076A342DC}.Release|x86.Build.0 = Release|Win32
		{9610AFBA-45F2-4FD3-8C0F-0F35BF1330FB}.Debug|x64.ActiveCfg = Debug|x64
		{9610AFBA-45F2-4FD3-8C0F-0F35BF1330FB}.Debug|x64.Build.0 = Debug|x64
		{9610AFBA-45F2-4FD3-8C0F-0F35BF1330FB}.Debug|x86.ActiveCfg = Debug|Win32
		{9610AFBA-45F2-4FD3-8C0F-0F35BF1330FB}.Debug|x86.Build.0 = Debug|Win32
		{9610AFBA-45F2-4FD3-8C0F-0F35BF1330FB}.Release|x64.ActiveCfg = Release|x64
		{9610AFBA-45F2-4FD3-8C0F-0F35BF1330FB}.Release|x64.Build.0 = Release|x64
		{9610AFBA-45F2-4FD3-8C0F-0F35BF1330FB}.Release|x86.ActiveCfg = Release|Win32
		{9610AFBA-45F2-4FD3-8C0F-0F35BF1330FB}.Release|x86.Build.0 = Release|Win32
		{97B03DBE-236C-49CA-A0C0-151BDE2211AE}.Debug|x64.ActiveCfg = Debug|x64
		{97B03DBE-236C-49CA-A0C0-151BDE2211AE}.Debug|x64.Build.0 = Debug|x64
		{97B03DBE-236C-49CA-A0C0-151BDE2211AE}.Debug|x86.ActiveCfg = Debug|Win32
		{97B03DBE-236C-49CA-A0C0-151BDE2211AE}.Debug|x86.Build.0 = Debug|Win32
		{97B03DBE-236C-49CA-A0C0-151BDE2211AE}.Release|x64.ActiveCfg = Release|x64
		{97B03DBE-236C-49CA-A0C0-151BDE2211AE}.Release|x64.Build.0 = Release|x64
		{97B03DBE-236C-49CA-A0C0-151BDE2211AE}.Release|x86.ActiveCfg = Release|Win32
		{97B03DBE-236C-49CA-A0C0-151BDE2211AE}.Release|x86.Build.0 = Release|Win32
		{A59C6CE5-5A25-4CF0-A1FC-DBCFBE39B79E}.Debug|x64.ActiveCfg = Debug|x64
		{A59C6CE5-5A25-4CF0-A1FC-DBCFBE39B79E}.Debug|x64.Build.0 = Debug|x64
		{A59C6CE5-5A25-4CF0-A1FC-DBCFBE39B79E}.Debug|x86.ActiveCfg = Debug|Win32
		{A59C6CE5-5A25-4CF0-A1FC-DBCFBE39B79E}.Debug|x86.Build.0 = Debug|Win32
		{A59C6CE5-5A25-4CF0-A1FC-DBCFBE39B79E}.Release|x64.ActiveCfg = Release|x64
		{A59C6CE5-5A25-4CF0-A1FC-DBCFBE39B79E}.Release|x64.Build.0 = Release|x64
		{A59C6CE5-5A25-4CF0-A1FC-DBCFBE39B79E}.Release|x86.ActiveCfg = Release|Win32
		{A59C6CE5-5A25-4CF0-A1FC-DBCFBE39B79E}.Release|x86.Build.0 = Release|Win32
		{6D688886-A90B-4A3D-997F-150711D842F5}.Debug|x64.ActiveCfg = Debug|x64
		{6D688886-A90B-4A3D-997F-150711D842F5}.Debug|x64.Build.0 = Debug|x64
		{6D688886-A90B-4A3D-997F-150711D842F5}.Debug|x86.ActiveCfg = Debug|Win32
		{6D688886-A90B-4A3D-997F-150711D842F5}.Debug|x86.Build.0 = Debug|Win32
		{6D688886-A90B-4A3D-997F-150711D842F5}.Release|x64.ActiveCfg = Release|x64
		{6D688886-A90B-4A3D-997F-150711D842F5}.Release|x64.Build.0 = Release|x64
		{6D688886-A90B-4A3D-997F-150711D842F5}.Release|x86.ActiveCfg = Release|Win32
		{6D688886-A90B-4A3D-997F-150711D842F5}.Release|x86.Build.0 = Release|Win32
		{162FC450-C566-4736-9301-29C95AC025C0}.Debug|x64.ActiveCfg = Debug|x64
		{162FC450-C566-4736-9301-29C95AC025C0}.Debug|x64.Build.0 = Debug|x64
		{162FC450-C566-4736-9301-29C95AC025C0}.Debug|x86.ActiveCfg = Debug|Win32
		{162FC450-C566-4736-9301-29C95AC025C0}.Debug|x86.Build.0 = Debug|Win32
		{162FC450-C566-4736-9301-29C95AC025C0}.Release|x64.ActiveCfg = Release|x64
		{162FC450-C566-4736-9301-29C95AC025C0}.Release|x64.Build.0 = Release|x64
		{162FC450-C566-4736-9301-29C95AC025C0}.Release|x86.ActiveCfg = Release|Win32
		{162FC450-C566-4736-9301-29C95AC025C0}.Release|x86.Build.0 = Release|Win32
		{A11852ED-F6C4-41EC-ABE6-1A3194853E25}.Debug|x64.ActiveCfg = Debug|x64
		{A11852ED-F6C4-41EC-ABE6-1A3194853E25}.Debug|x64.Build.0 = Debug|x64
		{A11852ED-F6C4-41EC-ABE6-1A3194853E25}.Debug|x86.ActiveCfg = Debug|Win32
		{A11852ED-F6C4-41EC-ABE6-1A3194853E25}.Debug|x86.Build.0 = Debug|Win32
		{A11852ED-F6C4-41EC-ABE6-1A3194853E25}.Release|x64.ActiveCfg = Release|x64
		{A11852ED-F6C4-41EC-ABE6-1A3194853E25}.Release|x64.Build.0 = Release|x64
		{A11852ED-F6C4-41EC-ABE6-1A3194853E25}.Release|x86.ActiveCfg = Release|Win32
		{A11852ED-F6C4-41EC-ABE6-1A3194853E25}.Release|x86.Build.0 = Release|Win32
		{892B68C3-70AF-47AE-AEF9-20B77E77FB65}.Debug|x64.ActiveCfg = Debug|x64
		{892B68C3-70AF-47AE-AEF9-20B77E77FB65}.Debug|x64.Build.0 = Debug|x64
		{892B68C3-70AF-47AE-AEF9-20B77E77FB65}.Debug|x86.ActiveCfg = Debug|Win32
		{892B68C3-70AF-47AE-AEF9-20B77E77FB65}.Debug|x86.Build.0 = Debug|Win32
		{892B68C3-70AF-47AE-AEF9-20B77E77FB65}.Release|x64.ActiveCfg = Release|x64
		{892B68C3-70AF-47AE-AEF9-20B77E77FB65}.Release|x64.Build.0 = Release|x64
		{892B68C3-70AF-47AE-AEF9-20B77E77FB65}.Release|x86.ActiveCfg = Release|Win32
		{892B68C3-70AF-47AE-AEF9-20B77E77FB65}.Release|x86.Build.0 = Release|Win32
		{F9B41C5B-D8E2-4DF9-A9A5-0FDC07D1047A}.Debug|x64.ActiveCfg = Debug|x64
		{F9B41C5B-D8E2-4DF9-A9A5-0FDC07D1047A}.Debug|x64.Build.0 = Debug|x64
		{F9B41C5B-D8E2-4DF9-A9A5-0FDC07D1047A}.Debug|x86.ActiveCfg = Debug|Win32
		{F9B41C5B-D8E2-4DF9-A9A5-0FDC07D1047A}.Debug|x86.Build.0 = Debug|Win32
		{F9B41C5B-D8E2-4DF9-A9A5-0FDC07D1047A}.Release|x64.ActiveCfg = Release|x64
		{F9B41C5B-D8E2-4DF9-A9A5-0FDC07D1047A}.Release|x64.Build.0 = Release|x64
		{F9B41C5B-D8E2-4DF9-A9A5-0FDC07D1047A}.Release|x86.ActiveCfg = Release|Win32
		{F9B41C5B-D8E2-4DF9-A9A5-0FDC07D1047A}.Release|x86.Build.0 = Release|Win32
		{A382BF2F-1199-42F6-A51A-1EE8052D0ED4}.Debug|x64.ActiveCfg = Debug|x64
		{A382BF2F-1199-42F6-A51A-1EE8052D0ED4}.Debug|x64.Build.0 = Debug|x64
		{A382BF2F-1199-42F6-A51A-1EE8052D0ED4}.Debug|x86.ActiveCfg = Debug|Win32
		{A382BF2F-1199-42F6-A51A-1EE8052D0ED4}.Debug|x86.Build.0 = Debug|Win32
		{A382BF2F-1199-42F6-A51A-1EE8052D0ED4}.Release|x64.ActiveCfg = Release|x64
		{A382BF2F-1199-42F6-A51A-1EE8052D0ED4}.Release|x64.Build.0 = Release|x64
		{A382BF2F-1199-42F6-A51A-1EE8052D0ED4}.Release|x86.ActiveCfg = Release|Win32
		{A382BF2F-1199-42F6-A51A-1EE8052D0ED4}.Release|x86.Build.0 = Release|Win32
		{BF7423B9-51E1-4825-BAB2-89B5866574CF}.Debug|x64.ActiveCfg = Debug|x64
		{BF7423B9-51E1-4825-BAB2-89B5866574CF}.Debug|x64.Build.0 = Debug|x64
		{BF7423B9-51E1-4825-BAB2-89B5866574CF}.Debug|x86.ActiveCfg = Debug|Win32
		{BF7423B9-51E1-4825-BAB2-89B5866574CF}.Debug|x86.Build.0 = Debug|Win32
		{BF7423B9-51E1-4825-BAB2-89B5866574CF}.Release|x64.ActiveCfg = Release|x64
		{BF7423B9-51E1-4825-BAB2-89B5866574CF}.Release|x64.Build.0 = Release|x64
		{BF7423B9-51E1-4825-BAB2-89B5866574CF}.Release|x86.ActiveCfg = Release|Win32
		{BF7423B9-51E1-4825-BAB2-89B5866574CF}.Release|x86.Build.0 = Release|Win32
	EndGlobalSection
	GlobalSection(SolutionProperties) = preSolution
		HideSolutionNode = FALSE
	EndGlobalSection
	GlobalSection(ExtensibilityGlobals) = postSolution
		SolutionGuid = {0F0C3DBA-3ECA-4D86-8DA8-145C3B27AC48}
	EndGlobalSection
EndGlobal
